
Microsoft Visual Studio Solution File, Format Version 12.00
# Visual Studio 15
VisualStudioVersion = 15.0.27004.2010
MinimumVisualStudioVersion = 10.0.40219.1
Project("{FAE04EC0-301F-11D3-BF4B-00C04F79EFBC}") = "sns-console-app", "app\sns-console-app\sns-console-app.csproj", "{3D395BE0-F11D-4D7E-BEF0-552BDE767C83}"
EndProject
Global
	GlobalSection(SolutionConfigurationPlatforms) = preSolution
		Debug|Any CPU = Debug|Any CPU
		Release|Any CPU = Release|Any CPU
	EndGlobalSection
	GlobalSection(ProjectConfigurationPlatforms) = postSolution
		{3D395BE0-F11D-4D7E-BEF0-552BDE767C83}.Debug|Any CPU.ActiveCfg = Debug|Any CPU
		{3D395BE0-F11D-4D7E-BEF0-552BDE767C83}.Debug|Any CPU.Build.0 = Debug|Any CPU
		{3D395BE0-F11D-4D7E-BEF0-552BDE767C83}.Release|Any CPU.ActiveCfg = Release|Any CPU
		{3D395BE0-F11D-4D7E-BEF0-552BDE767C83}.Release|Any CPU.Build.0 = Release|Any CPU
	EndGlobalSection
	GlobalSection(SolutionProperties) = preSolution
		HideSolutionNode = FALSE
	EndGlobalSection
	GlobalSection(ExtensibilityGlobals) = postSolution
		SolutionGuid = {7F96E473-E006-43BA-80CF-9CBAE7BEE450}
	EndGlobalSection
EndGlobal
